
Microsoft Visual Studio Solution File, Format Version 12.00
# Visual Studio 15
VisualStudioVersion = 15.0.26730.3
MinimumVisualStudioVersion = 10.0.40219.1
Project("{2150E333-8FDC-42A3-9474-1A3956D46DE8}") = "License", "License", "{72D60D11-A3D5-4FD4-836D-829ECCA9C4A9}"
	ProjectSection(SolutionItems) = preProject
		LICENSE = LICENSE
	EndProjectSection
EndProject
Project("{9A19103F-16F7-4668-BE54-9A1E7A4F7556}") = "PiSprinkler.AspNet", "PiSprinkler.AspNet\PiSprinkler.AspNet.csproj", "{D986E2D0-288A-4EEB-82A6-6FF517201362}"
EndProject
Project("{FAE04EC0-301F-11D3-BF4B-00C04F79EFBC}") = "SprinklerCoreUnitTest", "SprinklerCoreUnitTest\SprinklerCoreUnitTest.csproj", "{BBCBDA06-9710-4A11-B5EA-6E1A60DF115C}"
EndProject
Project("{9A19103F-16F7-4668-BE54-9A1E7A4F7556}") = "SprinkerDotNet", "SprinkerDotNet\SprinkerDotNet.csproj", "{58AE74C1-938F-4463-B450-5D5D46FE349D}"
EndProject
Project("{FAE04EC0-301F-11D3-BF4B-00C04F79EFBC}") = "PiSprinkler", "PiSprinkler\PiSprinkler.csproj", "{3FD8DF8D-F2AF-408E-83DD-5D65D9174563}"
EndProject
Project("{9A19103F-16F7-4668-BE54-9A1E7A4F7556}") = "SprinklerDotNet.UnitTest", "SprinklerDotNet.UnitTest\SprinklerDotNet.UnitTest.csproj", "{5AC4C74A-2A20-4899-A7F4-97A25245631C}"
EndProject
Project("{E53339B2-1760-4266-BCC7-CA923CBCF16C}") = "docker-compose", "docker-compose.dcproj", "{845C43DD-A308-4086-8FF1-7906E88212CC}"
EndProject
Global
	GlobalSection(SolutionConfigurationPlatforms) = preSolution
		Debug|Any CPU = Debug|Any CPU
		Debug|ARM = Debug|ARM
		Debug|x64 = Debug|x64
		Debug|x86 = Debug|x86
		Release|Any CPU = Release|Any CPU
		Release|ARM = Release|ARM
		Release|x64 = Release|x64
		Release|x86 = Release|x86
	EndGlobalSection
	GlobalSection(ProjectConfigurationPlatforms) = postSolution
		{D986E2D0-288A-4EEB-82A6-6FF517201362}.Debug|Any CPU.ActiveCfg = Debug|Any CPU
		{D986E2D0-288A-4EEB-82A6-6FF517201362}.Debug|Any CPU.Build.0 = Debug|Any CPU
		{D986E2D0-288A-4EEB-82A6-6FF517201362}.Debug|ARM.ActiveCfg = Debug|Any CPU
		{D986E2D0-288A-4EEB-82A6-6FF517201362}.Debug|ARM.Build.0 = Debug|Any CPU
		{D986E2D0-288A-4EEB-82A6-6FF517201362}.Debug|x64.ActiveCfg = Debug|Any CPU
		{D986E2D0-288A-4EEB-82A6-6FF517201362}.Debug|x64.Build.0 = Debug|Any CPU
		{D986E2D0-288A-4EEB-82A6-6FF517201362}.Debug|x86.ActiveCfg = Debug|Any CPU
		{D986E2D0-288A-4EEB-82A6-6FF517201362}.Debug|x86.Build.0 = Debug|Any CPU
		{D986E2D0-288A-4EEB-82A6-6FF517201362}.Release|Any CPU.ActiveCfg = Release|Any CPU
		{D986E2D0-288A-4EEB-82A6-6FF517201362}.Release|Any CPU.Build.0 = Release|Any CPU
		{D986E2D0-288A-4EEB-82A6-6FF517201362}.Release|ARM.ActiveCfg = Release|Any CPU
		{D986E2D0-288A-4EEB-82A6-6FF517201362}.Release|ARM.Build.0 = Release|Any CPU
		{D986E2D0-288A-4EEB-82A6-6FF517201362}.Release|x64.ActiveCfg = Release|Any CPU
		{D986E2D0-288A-4EEB-82A6-6FF517201362}.Release|x64.Build.0 = Release|Any CPU
		{D986E2D0-288A-4EEB-82A6-6FF517201362}.Release|x86.ActiveCfg = Release|Any CPU
		{D986E2D0-288A-4EEB-82A6-6FF517201362}.Release|x86.Build.0 = Release|Any CPU
		{BBCBDA06-9710-4A11-B5EA-6E1A60DF115C}.Debug|Any CPU.ActiveCfg = Debug|x86
		{BBCBDA06-9710-4A11-B5EA-6E1A60DF115C}.Debug|Any CPU.Build.0 = Debug|x86
		{BBCBDA06-9710-4A11-B5EA-6E1A60DF115C}.Debug|Any CPU.Deploy.0 = Debug|x86
		{BBCBDA06-9710-4A11-B5EA-6E1A60DF115C}.Debug|ARM.ActiveCfg = Debug|ARM
		{BBCBDA06-9710-4A11-B5EA-6E1A60DF115C}.Debug|ARM.Build.0 = Debug|ARM
		{BBCBDA06-9710-4A11-B5EA-6E1A60DF115C}.Debug|ARM.Deploy.0 = Debug|ARM
		{BBCBDA06-9710-4A11-B5EA-6E1A60DF115C}.Debug|x64.ActiveCfg = Debug|x64
		{BBCBDA06-9710-4A11-B5EA-6E1A60DF115C}.Debug|x64.Build.0 = Debug|x64
		{BBCBDA06-9710-4A11-B5EA-6E1A60DF115C}.Debug|x64.Deploy.0 = Debug|x64
		{BBCBDA06-9710-4A11-B5EA-6E1A60DF115C}.Debug|x86.ActiveCfg = Debug|x86
		{BBCBDA06-9710-4A11-B5EA-6E1A60DF115C}.Debug|x86.Build.0 = Debug|x86
		{BBCBDA06-9710-4A11-B5EA-6E1A60DF115C}.Debug|x86.Deploy.0 = Debug|x86
		{BBCBDA06-9710-4A11-B5EA-6E1A60DF115C}.Release|Any CPU.ActiveCfg = Release|x86
		{BBCBDA06-9710-4A11-B5EA-6E1A60DF115C}.Release|ARM.ActiveCfg = Release|ARM
		{BBCBDA06-9710-4A11-B5EA-6E1A60DF115C}.Release|ARM.Build.0 = Release|ARM
		{BBCBDA06-9710-4A11-B5EA-6E1A60DF115C}.Release|ARM.Deploy.0 = Release|ARM
		{BBCBDA06-9710-4A11-B5EA-6E1A60DF115C}.Release|x64.ActiveCfg = Release|x64
		{BBCBDA06-9710-4A11-B5EA-6E1A60DF115C}.Release|x64.Build.0 = Release|x64
		{BBCBDA06-9710-4A11-B5EA-6E1A60DF115C}.Release|x64.Deploy.0 = Release|x64
		{BBCBDA06-9710-4A11-B5EA-6E1A60DF115C}.Release|x86.ActiveCfg = Release|x86
		{BBCBDA06-9710-4A11-B5EA-6E1A60DF115C}.Release|x86.Build.0 = Release|x86
		{BBCBDA06-9710-4A11-B5EA-6E1A60DF115C}.Release|x86.Deploy.0 = Release|x86
		{58AE74C1-938F-4463-B450-5D5D46FE349D}.Debug|Any CPU.ActiveCfg = Debug|Any CPU
		{58AE74C1-938F-4463-B450-5D5D46FE349D}.Debug|Any CPU.Build.0 = Debug|Any CPU
		{58AE74C1-938F-4463-B450-5D5D46FE349D}.Debug|ARM.ActiveCfg = Debug|Any CPU
		{58AE74C1-938F-4463-B450-5D5D46FE349D}.Debug|ARM.Build.0 = Debug|Any CPU
		{58AE74C1-938F-4463-B450-5D5D46FE349D}.Debug|x64.ActiveCfg = Debug|Any CPU
		{58AE74C1-938F-4463-B450-5D5D46FE349D}.Debug|x64.Build.0 = Debug|Any CPU
		{58AE74C1-938F-4463-B450-5D5D46FE349D}.Debug|x86.ActiveCfg = Debug|Any CPU
		{58AE74C1-938F-4463-B450-5D5D46FE349D}.Debug|x86.Build.0 = Debug|Any CPU
		{58AE74C1-938F-4463-B450-5D5D46FE349D}.Release|Any CPU.ActiveCfg = Release|Any CPU
		{58AE74C1-938F-4463-B450-5D5D46FE349D}.Release|Any CPU.Build.0 = Release|Any CPU
		{58AE74C1-938F-4463-B450-5D5D46FE349D}.Release|ARM.ActiveCfg = Release|Any CPU
		{58AE74C1-938F-4463-B450-5D5D46FE349D}.Release|ARM.Build.0 = Release|Any CPU
		{58AE74C1-938F-4463-B450-5D5D46FE349D}.Release|x64.ActiveCfg = Release|Any CPU
		{58AE74C1-938F-4463-B450-5D5D46FE349D}.Release|x64.Build.0 = Release|Any CPU
		{58AE74C1-938F-4463-B450-5D5D46FE349D}.Release|x86.ActiveCfg = Release|Any CPU
		{58AE74C1-938F-4463-B450-5D5D46FE349D}.Release|x86.Build.0 = Release|Any CPU
		{3FD8DF8D-F2AF-408E-83DD-5D65D9174563}.Debug|Any CPU.ActiveCfg = Debug|x86
		{3FD8DF8D-F2AF-408E-83DD-5D65D9174563}.Debug|Any CPU.Build.0 = Debug|x86
		{3FD8DF8D-F2AF-408E-83DD-5D65D9174563}.Debug|Any CPU.Deploy.0 = Debug|x86
		{3FD8DF8D-F2AF-408E-83DD-5D65D9174563}.Debug|ARM.ActiveCfg = Debug|ARM
		{3FD8DF8D-F2AF-408E-83DD-5D65D9174563}.Debug|ARM.Build.0 = Debug|ARM
		{3FD8DF8D-F2AF-408E-83DD-5D65D9174563}.Debug|ARM.Deploy.0 = Debug|ARM
		{3FD8DF8D-F2AF-408E-83DD-5D65D9174563}.Debug|x64.ActiveCfg = Debug|x64
		{3FD8DF8D-F2AF-408E-83DD-5D65D9174563}.Debug|x64.Build.0 = Debug|x64
		{3FD8DF8D-F2AF-408E-83DD-5D65D9174563}.Debug|x64.Deploy.0 = Debug|x64
		{3FD8DF8D-F2AF-408E-83DD-5D65D9174563}.Debug|x86.ActiveCfg = Debug|x86
		{3FD8DF8D-F2AF-408E-83DD-5D65D9174563}.Debug|x86.Build.0 = Debug|x86
		{3FD8DF8D-F2AF-408E-83DD-5D65D9174563}.Debug|x86.Deploy.0 = Debug|x86
		{3FD8DF8D-F2AF-408E-83DD-5D65D9174563}.Release|Any CPU.ActiveCfg = Release|x86
		{3FD8DF8D-F2AF-408E-83DD-5D65D9174563}.Release|ARM.ActiveCfg = Release|ARM
		{3FD8DF8D-F2AF-408E-83DD-5D65D9174563}.Release|ARM.Build.0 = Release|ARM
		{3FD8DF8D-F2AF-408E-83DD-5D65D9174563}.Release|ARM.Deploy.0 = Release|ARM
		{3FD8DF8D-F2AF-408E-83DD-5D65D9174563}.Release|x64.ActiveCfg = Release|x64
		{3FD8DF8D-F2AF-408E-83DD-5D65D9174563}.Release|x64.Build.0 = Release|x64
		{3FD8DF8D-F2AF-408E-83DD-5D65D9174563}.Release|x64.Deploy.0 = Release|x64
		{3FD8DF8D-F2AF-408E-83DD-5D65D9174563}.Release|x86.ActiveCfg = Release|x86
		{3FD8DF8D-F2AF-408E-83DD-5D65D9174563}.Release|x86.Build.0 = Release|x86
		{3FD8DF8D-F2AF-408E-83DD-5D65D9174563}.Release|x86.Deploy.0 = Release|x86
		{5AC4C74A-2A20-4899-A7F4-97A25245631C}.Debug|Any CPU.ActiveCfg = Debug|Any CPU
		{5AC4C74A-2A20-4899-A7F4-97A25245631C}.Debug|Any CPU.Build.0 = Debug|Any CPU
		{5AC4C74A-2A20-4899-A7F4-97A25245631C}.Debug|ARM.ActiveCfg = Debug|Any CPU
		{5AC4C74A-2A20-4899-A7F4-97A25245631C}.Debug|ARM.Build.0 = Debug|Any CPU
		{5AC4C74A-2A20-4899-A7F4-97A25245631C}.Debug|x64.ActiveCfg = Debug|Any CPU
		{5AC4C74A-2A20-4899-A7F4-97A25245631C}.Debug|x64.Build.0 = Debug|Any CPU
		{5AC4C74A-2A20-4899-A7F4-97A25245631C}.Debug|x86.ActiveCfg = Debug|Any CPU
		{5AC4C74A-2A20-4899-A7F4-97A25245631C}.Debug|x86.Build.0 = Debug|Any CPU
		{5AC4C74A-2A20-4899-A7F4-97A25245631C}.Release|Any CPU.ActiveCfg = Release|Any CPU
		{5AC4C74A-2A20-4899-A7F4-97A25245631C}.Release|Any CPU.Build.0 = Release|Any CPU
		{5AC4C74A-2A20-4899-A7F4-97A25245631C}.Release|ARM.ActiveCfg = Release|Any CPU
		{5AC4C74A-2A20-4899-A7F4-97A25245631C}.Release|ARM.Build.0 = Release|Any CPU
		{5AC4C74A-2A20-4899-A7F4-97A25245631C}.Release|x64.ActiveCfg = Release|Any CPU
		{5AC4C74A-2A20-4899-A7F4-97A25245631C}.Release|x64.Build.0 = Release|Any CPU
		{5AC4C74A-2A20-4899-A7F4-97A25245631C}.Release|x86.ActiveCfg = Release|Any CPU
		{5AC4C74A-2A20-4899-A7F4-97A25245631C}.Release|x86.Build.0 = Release|Any CPU
		{845C43DD-A308-4086-8FF1-7906E88212CC}.Debug|Any CPU.ActiveCfg = Debug|Any CPU
		{845C43DD-A308-4086-8FF1-7906E88212CC}.Debug|Any CPU.Build.0 = Debug|Any CPU
		{845C43DD-A308-4086-8FF1-7906E88212CC}.Debug|ARM.ActiveCfg = Debug|Any CPU
		{845C43DD-A308-4086-8FF1-7906E88212CC}.Debug|ARM.Build.0 = Debug|Any CPU
		{845C43DD-A308-4086-8FF1-7906E88212CC}.Debug|x64.ActiveCfg = Debug|Any CPU
		{845C43DD-A308-4086-8FF1-7906E88212CC}.Debug|x64.Build.0 = Debug|Any CPU
		{845C43DD-A308-4086-8FF1-7906E88212CC}.Debug|x86.ActiveCfg = Debug|Any CPU
		{845C43DD-A308-4086-8FF1-7906E88212CC}.Debug|x86.Build.0 = Debug|Any CPU
		{845C43DD-A308-4086-8FF1-7906E88212CC}.Release|Any CPU.ActiveCfg = Release|Any CPU
		{845C43DD-A308-4086-8FF1-7906E88212CC}.Release|Any CPU.Build.0 = Release|Any CPU
		{845C43DD-A308-4086-8FF1-7906E88212CC}.Release|ARM.ActiveCfg = Release|Any CPU
		{845C43DD-A308-4086-8FF1-7906E88212CC}.Release|ARM.Build.0 = Release|Any CPU
		{845C43DD-A308-4086-8FF1-7906E88212CC}.Release|x64.ActiveCfg = Release|Any CPU
		{845C43DD-A308-4086-8FF1-7906E88212CC}.Release|x64.Build.0 = Release|Any CPU
		{845C43DD-A308-4086-8FF1-7906E88212CC}.Release|x86.ActiveCfg = Release|Any CPU
		{845C43DD-A308-4086-8FF1-7906E88212CC}.Release|x86.Build.0 = Release|Any CPU
	EndGlobalSection
	GlobalSection(SolutionProperties) = preSolution
		HideSolutionNode = FALSE
	EndGlobalSection
	GlobalSection(ExtensibilityGlobals) = postSolution
		SolutionGuid = {BBCAEFAE-A1DF-4BBD-A861-8FC40F27264C}
	EndGlobalSection
EndGlobal
