
Microsoft Visual Studio Solution File, Format Version 12.00
# Visual Studio Version 16
VisualStudioVersion = 16.0.28803.352
MinimumVisualStudioVersion = 10.0.40219.1
Project("{2150E333-8FDC-42A3-9474-1A3956D46DE8}") = "License", "License", "{72D60D11-A3D5-4FD4-836D-829ECCA9C4A9}"
	ProjectSection(SolutionItems) = preProject
		LICENSE = LICENSE
	EndProjectSection
EndProject
Project("{FAE04EC0-301F-11D3-BF4B-00C04F79EFBC}") = "SprinklerCore.UWP", "SprinklerCore.UWP\SprinklerCore.UWP.csproj", "{C63D8719-AD78-4C02-AC0E-131144A28C16}"
EndProject
Project("{FAE04EC0-301F-11D3-BF4B-00C04F79EFBC}") = "PiSprinkler.UWP", "PiSprinkler.UWP\PiSprinkler.UWP.csproj", "{E0033645-2CF8-44F1-8078-4AA822A06E8B}"
EndProject
Project("{9A19103F-16F7-4668-BE54-9A1E7A4F7556}") = "SprinklerCore", "SprinklerCore\SprinklerCore.csproj", "{986CA68A-C164-4940-BD40-7EA5BD9F5A21}"
EndProject
Project("{9A19103F-16F7-4668-BE54-9A1E7A4F7556}") = "PiSprinkler", "PiSprinkler\PiSprinkler.csproj", "{C2FD8D21-9E8B-40DA-8946-925599DD0D5E}"
EndProject
Global
	GlobalSection(SolutionConfigurationPlatforms) = preSolution
		Debug|Any CPU = Debug|Any CPU
		Debug|ARM = Debug|ARM
		Debug|x64 = Debug|x64
		Debug|x86 = Debug|x86
		Release|Any CPU = Release|Any CPU
		Release|ARM = Release|ARM
		Release|x64 = Release|x64
		Release|x86 = Release|x86
	EndGlobalSection
	GlobalSection(ProjectConfigurationPlatforms) = postSolution
		{C63D8719-AD78-4C02-AC0E-131144A28C16}.Debug|Any CPU.ActiveCfg = Debug|Any CPU
		{C63D8719-AD78-4C02-AC0E-131144A28C16}.Debug|Any CPU.Build.0 = Debug|Any CPU
		{C63D8719-AD78-4C02-AC0E-131144A28C16}.Debug|ARM.ActiveCfg = Debug|ARM
		{C63D8719-AD78-4C02-AC0E-131144A28C16}.Debug|ARM.Build.0 = Debug|ARM
		{C63D8719-AD78-4C02-AC0E-131144A28C16}.Debug|x64.ActiveCfg = Debug|x64
		{C63D8719-AD78-4C02-AC0E-131144A28C16}.Debug|x64.Build.0 = Debug|x64
		{C63D8719-AD78-4C02-AC0E-131144A28C16}.Debug|x86.ActiveCfg = Debug|x86
		{C63D8719-AD78-4C02-AC0E-131144A28C16}.Debug|x86.Build.0 = Debug|x86
		{C63D8719-AD78-4C02-AC0E-131144A28C16}.Release|Any CPU.ActiveCfg = Release|Any CPU
		{C63D8719-AD78-4C02-AC0E-131144A28C16}.Release|Any CPU.Build.0 = Release|Any CPU
		{C63D8719-AD78-4C02-AC0E-131144A28C16}.Release|ARM.ActiveCfg = Release|ARM
		{C63D8719-AD78-4C02-AC0E-131144A28C16}.Release|ARM.Build.0 = Release|ARM
		{C63D8719-AD78-4C02-AC0E-131144A28C16}.Release|x64.ActiveCfg = Release|x64
		{C63D8719-AD78-4C02-AC0E-131144A28C16}.Release|x64.Build.0 = Release|x64
		{C63D8719-AD78-4C02-AC0E-131144A28C16}.Release|x86.ActiveCfg = Release|x86
		{C63D8719-AD78-4C02-AC0E-131144A28C16}.Release|x86.Build.0 = Release|x86
		{E0033645-2CF8-44F1-8078-4AA822A06E8B}.Debug|Any CPU.ActiveCfg = Debug|x86
		{E0033645-2CF8-44F1-8078-4AA822A06E8B}.Debug|ARM.ActiveCfg = Debug|ARM
		{E0033645-2CF8-44F1-8078-4AA822A06E8B}.Debug|ARM.Build.0 = Debug|ARM
		{E0033645-2CF8-44F1-8078-4AA822A06E8B}.Debug|ARM.Deploy.0 = Debug|ARM
		{E0033645-2CF8-44F1-8078-4AA822A06E8B}.Debug|x64.ActiveCfg = Debug|x64
		{E0033645-2CF8-44F1-8078-4AA822A06E8B}.Debug|x64.Build.0 = Debug|x64
		{E0033645-2CF8-44F1-8078-4AA822A06E8B}.Debug|x64.Deploy.0 = Debug|x64
		{E0033645-2CF8-44F1-8078-4AA822A06E8B}.Debug|x86.ActiveCfg = Debug|x86
		{E0033645-2CF8-44F1-8078-4AA822A06E8B}.Debug|x86.Build.0 = Debug|x86
		{E0033645-2CF8-44F1-8078-4AA822A06E8B}.Debug|x86.Deploy.0 = Debug|x86
		{E0033645-2CF8-44F1-8078-4AA822A06E8B}.Release|Any CPU.ActiveCfg = Release|x86
		{E0033645-2CF8-44F1-8078-4AA822A06E8B}.Release|ARM.ActiveCfg = Release|ARM
		{E0033645-2CF8-44F1-8078-4AA822A06E8B}.Release|ARM.Build.0 = Release|ARM
		{E0033645-2CF8-44F1-8078-4AA822A06E8B}.Release|ARM.Deploy.0 = Release|ARM
		{E0033645-2CF8-44F1-8078-4AA822A06E8B}.Release|x64.ActiveCfg = Release|x64
		{E0033645-2CF8-44F1-8078-4AA822A06E8B}.Release|x64.Build.0 = Release|x64
		{E0033645-2CF8-44F1-8078-4AA822A06E8B}.Release|x64.Deploy.0 = Release|x64
		{E0033645-2CF8-44F1-8078-4AA822A06E8B}.Release|x86.ActiveCfg = Release|x86
		{E0033645-2CF8-44F1-8078-4AA822A06E8B}.Release|x86.Build.0 = Release|x86
		{E0033645-2CF8-44F1-8078-4AA822A06E8B}.Release|x86.Deploy.0 = Release|x86
		{986CA68A-C164-4940-BD40-7EA5BD9F5A21}.Debug|Any CPU.ActiveCfg = Debug|Any CPU
		{986CA68A-C164-4940-BD40-7EA5BD9F5A21}.Debug|Any CPU.Build.0 = Debug|Any CPU
		{986CA68A-C164-4940-BD40-7EA5BD9F5A21}.Debug|ARM.ActiveCfg = Debug|Any CPU
		{986CA68A-C164-4940-BD40-7EA5BD9F5A21}.Debug|ARM.Build.0 = Debug|Any CPU
		{986CA68A-C164-4940-BD40-7EA5BD9F5A21}.Debug|x64.ActiveCfg = Debug|Any CPU
		{986CA68A-C164-4940-BD40-7EA5BD9F5A21}.Debug|x64.Build.0 = Debug|Any CPU
		{986CA68A-C164-4940-BD40-7EA5BD9F5A21}.Debug|x86.ActiveCfg = Debug|Any CPU
		{986CA68A-C164-4940-BD40-7EA5BD9F5A21}.Debug|x86.Build.0 = Debug|Any CPU
		{986CA68A-C164-4940-BD40-7EA5BD9F5A21}.Release|Any CPU.ActiveCfg = Release|Any CPU
		{986CA68A-C164-4940-BD40-7EA5BD9F5A21}.Release|Any CPU.Build.0 = Release|Any CPU
		{986CA68A-C164-4940-BD40-7EA5BD9F5A21}.Release|ARM.ActiveCfg = Release|Any CPU
		{986CA68A-C164-4940-BD40-7EA5BD9F5A21}.Release|ARM.Build.0 = Release|Any CPU
		{986CA68A-C164-4940-BD40-7EA5BD9F5A21}.Release|x64.ActiveCfg = Release|Any CPU
		{986CA68A-C164-4940-BD40-7EA5BD9F5A21}.Release|x64.Build.0 = Release|Any CPU
		{986CA68A-C164-4940-BD40-7EA5BD9F5A21}.Release|x86.ActiveCfg = Release|Any CPU
		{986CA68A-C164-4940-BD40-7EA5BD9F5A21}.Release|x86.Build.0 = Release|Any CPU
		{C2FD8D21-9E8B-40DA-8946-925599DD0D5E}.Debug|Any CPU.ActiveCfg = Debug|Any CPU
		{C2FD8D21-9E8B-40DA-8946-925599DD0D5E}.Debug|Any CPU.Build.0 = Debug|Any CPU
		{C2FD8D21-9E8B-40DA-8946-925599DD0D5E}.Debug|ARM.ActiveCfg = Debug|Any CPU
		{C2FD8D21-9E8B-40DA-8946-925599DD0D5E}.Debug|ARM.Build.0 = Debug|Any CPU
		{C2FD8D21-9E8B-40DA-8946-925599DD0D5E}.Debug|x64.ActiveCfg = Debug|Any CPU
		{C2FD8D21-9E8B-40DA-8946-925599DD0D5E}.Debug|x64.Build.0 = Debug|Any CPU
		{C2FD8D21-9E8B-40DA-8946-925599DD0D5E}.Debug|x86.ActiveCfg = Debug|Any CPU
		{C2FD8D21-9E8B-40DA-8946-925599DD0D5E}.Debug|x86.Build.0 = Debug|Any CPU
		{C2FD8D21-9E8B-40DA-8946-925599DD0D5E}.Release|Any CPU.ActiveCfg = Release|Any CPU
		{C2FD8D21-9E8B-40DA-8946-925599DD0D5E}.Release|Any CPU.Build.0 = Release|Any CPU
		{C2FD8D21-9E8B-40DA-8946-925599DD0D5E}.Release|ARM.ActiveCfg = Release|Any CPU
		{C2FD8D21-9E8B-40DA-8946-925599DD0D5E}.Release|ARM.Build.0 = Release|Any CPU
		{C2FD8D21-9E8B-40DA-8946-925599DD0D5E}.Release|x64.ActiveCfg = Release|Any CPU
		{C2FD8D21-9E8B-40DA-8946-925599DD0D5E}.Release|x64.Build.0 = Release|Any CPU
		{C2FD8D21-9E8B-40DA-8946-925599DD0D5E}.Release|x86.ActiveCfg = Release|Any CPU
		{C2FD8D21-9E8B-40DA-8946-925599DD0D5E}.Release|x86.Build.0 = Release|Any CPU
	EndGlobalSection
	GlobalSection(SolutionProperties) = preSolution
		HideSolutionNode = FALSE
	EndGlobalSection
	GlobalSection(ExtensibilityGlobals) = postSolution
		SolutionGuid = {BBCAEFAE-A1DF-4BBD-A861-8FC40F27264C}
	EndGlobalSection
EndGlobal
