
Microsoft Visual Studio Solution File, Format Version 12.00
# Visual Studio 15
VisualStudioVersion = 15.0.26730.3
MinimumVisualStudioVersion = 10.0.40219.1
Project("{2150E333-8FDC-42A3-9474-1A3956D46DE8}") = "License", "License", "{72D60D11-A3D5-4FD4-836D-829ECCA9C4A9}"
	ProjectSection(SolutionItems) = preProject
		LICENSE = LICENSE
	EndProjectSection
EndProject
Project("{FAE04EC0-301F-11D3-BF4B-00C04F79EFBC}") = "SprinklerCore", "SprinklerCore\SprinklerCore.csproj", "{C63D8719-AD78-4C02-AC0E-131144A28C16}"
EndProject
Project("{FAE04EC0-301F-11D3-BF4B-00C04F79EFBC}") = "PiSprinkler", "PiSprinkler\PiSprinkler.csproj", "{3FD8DF8D-F2AF-408E-83DD-5D65D9174563}"
EndProject
Project("{FAE04EC0-301F-11D3-BF4B-00C04F79EFBC}") = "SprinklerCoreUnitTest", "SprinklerCoreUnitTest\SprinklerCoreUnitTest.csproj", "{BBCBDA06-9710-4A11-B5EA-6E1A60DF115C}"
EndProject
Global
	GlobalSection(SolutionConfigurationPlatforms) = preSolution
		Debug|Any CPU = Debug|Any CPU
		Debug|ARM = Debug|ARM
		Debug|x64 = Debug|x64
		Debug|x86 = Debug|x86
		Release|Any CPU = Release|Any CPU
		Release|ARM = Release|ARM
		Release|x64 = Release|x64
		Release|x86 = Release|x86
	EndGlobalSection
	GlobalSection(ProjectConfigurationPlatforms) = postSolution
		{C63D8719-AD78-4C02-AC0E-131144A28C16}.Debug|Any CPU.ActiveCfg = Debug|Any CPU
		{C63D8719-AD78-4C02-AC0E-131144A28C16}.Debug|Any CPU.Build.0 = Debug|Any CPU
		{C63D8719-AD78-4C02-AC0E-131144A28C16}.Debug|ARM.ActiveCfg = Debug|ARM
		{C63D8719-AD78-4C02-AC0E-131144A28C16}.Debug|ARM.Build.0 = Debug|ARM
		{C63D8719-AD78-4C02-AC0E-131144A28C16}.Debug|x64.ActiveCfg = Debug|x64
		{C63D8719-AD78-4C02-AC0E-131144A28C16}.Debug|x64.Build.0 = Debug|x64
		{C63D8719-AD78-4C02-AC0E-131144A28C16}.Debug|x86.ActiveCfg = Debug|x86
		{C63D8719-AD78-4C02-AC0E-131144A28C16}.Debug|x86.Build.0 = Debug|x86
		{C63D8719-AD78-4C02-AC0E-131144A28C16}.Release|Any CPU.ActiveCfg = Release|Any CPU
		{C63D8719-AD78-4C02-AC0E-131144A28C16}.Release|Any CPU.Build.0 = Release|Any CPU
		{C63D8719-AD78-4C02-AC0E-131144A28C16}.Release|ARM.ActiveCfg = Release|ARM
		{C63D8719-AD78-4C02-AC0E-131144A28C16}.Release|ARM.Build.0 = Release|ARM
		{C63D8719-AD78-4C02-AC0E-131144A28C16}.Release|x64.ActiveCfg = Release|x64
		{C63D8719-AD78-4C02-AC0E-131144A28C16}.Release|x64.Build.0 = Release|x64
		{C63D8719-AD78-4C02-AC0E-131144A28C16}.Release|x86.ActiveCfg = Release|x86
		{C63D8719-AD78-4C02-AC0E-131144A28C16}.Release|x86.Build.0 = Release|x86
		{3FD8DF8D-F2AF-408E-83DD-5D65D9174563}.Debug|Any CPU.ActiveCfg = Debug|x86
		{3FD8DF8D-F2AF-408E-83DD-5D65D9174563}.Debug|ARM.ActiveCfg = Debug|ARM
		{3FD8DF8D-F2AF-408E-83DD-5D65D9174563}.Debug|ARM.Build.0 = Debug|ARM
		{3FD8DF8D-F2AF-408E-83DD-5D65D9174563}.Debug|ARM.Deploy.0 = Debug|ARM
		{3FD8DF8D-F2AF-408E-83DD-5D65D9174563}.Debug|x64.ActiveCfg = Debug|x64
		{3FD8DF8D-F2AF-408E-83DD-5D65D9174563}.Debug|x64.Build.0 = Debug|x64
		{3FD8DF8D-F2AF-408E-83DD-5D65D9174563}.Debug|x64.Deploy.0 = Debug|x64
		{3FD8DF8D-F2AF-408E-83DD-5D65D9174563}.Debug|x86.ActiveCfg = Debug|x86
		{3FD8DF8D-F2AF-408E-83DD-5D65D9174563}.Debug|x86.Build.0 = Debug|x86
		{3FD8DF8D-F2AF-408E-83DD-5D65D9174563}.Debug|x86.Deploy.0 = Debug|x86
		{3FD8DF8D-F2AF-408E-83DD-5D65D9174563}.Release|Any CPU.ActiveCfg = Release|x86
		{3FD8DF8D-F2AF-408E-83DD-5D65D9174563}.Release|ARM.ActiveCfg = Release|ARM
		{3FD8DF8D-F2AF-408E-83DD-5D65D9174563}.Release|ARM.Build.0 = Release|ARM
		{3FD8DF8D-F2AF-408E-83DD-5D65D9174563}.Release|ARM.Deploy.0 = Release|ARM
		{3FD8DF8D-F2AF-408E-83DD-5D65D9174563}.Release|x64.ActiveCfg = Release|x64
		{3FD8DF8D-F2AF-408E-83DD-5D65D9174563}.Release|x64.Build.0 = Release|x64
		{3FD8DF8D-F2AF-408E-83DD-5D65D9174563}.Release|x64.Deploy.0 = Release|x64
		{3FD8DF8D-F2AF-408E-83DD-5D65D9174563}.Release|x86.ActiveCfg = Release|x86
		{3FD8DF8D-F2AF-408E-83DD-5D65D9174563}.Release|x86.Build.0 = Release|x86
		{3FD8DF8D-F2AF-408E-83DD-5D65D9174563}.Release|x86.Deploy.0 = Release|x86
		{BBCBDA06-9710-4A11-B5EA-6E1A60DF115C}.Debug|Any CPU.ActiveCfg = Debug|x86
		{BBCBDA06-9710-4A11-B5EA-6E1A60DF115C}.Debug|ARM.ActiveCfg = Debug|ARM
		{BBCBDA06-9710-4A11-B5EA-6E1A60DF115C}.Debug|ARM.Build.0 = Debug|ARM
		{BBCBDA06-9710-4A11-B5EA-6E1A60DF115C}.Debug|ARM.Deploy.0 = Debug|ARM
		{BBCBDA06-9710-4A11-B5EA-6E1A60DF115C}.Debug|x64.ActiveCfg = Debug|x64
		{BBCBDA06-9710-4A11-B5EA-6E1A60DF115C}.Debug|x64.Build.0 = Debug|x64
		{BBCBDA06-9710-4A11-B5EA-6E1A60DF115C}.Debug|x64.Deploy.0 = Debug|x64
		{BBCBDA06-9710-4A11-B5EA-6E1A60DF115C}.Debug|x86.ActiveCfg = Debug|x86
		{BBCBDA06-9710-4A11-B5EA-6E1A60DF115C}.Debug|x86.Build.0 = Debug|x86
		{BBCBDA06-9710-4A11-B5EA-6E1A60DF115C}.Debug|x86.Deploy.0 = Debug|x86
		{BBCBDA06-9710-4A11-B5EA-6E1A60DF115C}.Release|Any CPU.ActiveCfg = Release|x86
		{BBCBDA06-9710-4A11-B5EA-6E1A60DF115C}.Release|ARM.ActiveCfg = Release|ARM
		{BBCBDA06-9710-4A11-B5EA-6E1A60DF115C}.Release|ARM.Build.0 = Release|ARM
		{BBCBDA06-9710-4A11-B5EA-6E1A60DF115C}.Release|ARM.Deploy.0 = Release|ARM
		{BBCBDA06-9710-4A11-B5EA-6E1A60DF115C}.Release|x64.ActiveCfg = Release|x64
		{BBCBDA06-9710-4A11-B5EA-6E1A60DF115C}.Release|x64.Build.0 = Release|x64
		{BBCBDA06-9710-4A11-B5EA-6E1A60DF115C}.Release|x64.Deploy.0 = Release|x64
		{BBCBDA06-9710-4A11-B5EA-6E1A60DF115C}.Release|x86.ActiveCfg = Release|x86
		{BBCBDA06-9710-4A11-B5EA-6E1A60DF115C}.Release|x86.Build.0 = Release|x86
		{BBCBDA06-9710-4A11-B5EA-6E1A60DF115C}.Release|x86.Deploy.0 = Release|x86
	EndGlobalSection
	GlobalSection(SolutionProperties) = preSolution
		HideSolutionNode = FALSE
	EndGlobalSection
	GlobalSection(ExtensibilityGlobals) = postSolution
		SolutionGuid = {BBCAEFAE-A1DF-4BBD-A861-8FC40F27264C}
	EndGlobalSection
EndGlobal
